{
  "object": {
    "pins": [
      {
        "package": "Socket",
        "repositoryURL": "https://github.com/lmoesman/BlueSocket",
        "state": {
          "branch": null,
          "revision": "b27ee66e80f6d4b75bf738fa5203a3f94b087c7f",
          "version": "2.0.3"
        }
      },
      {
        "package": "swift-argument-parser",
        "repositoryURL": "https://github.com/apple/swift-argument-parser",
        "state": {
          "branch": null,
          "revision": "e1465042f195f374b94f915ba8ca49de24300a0d",
          "version": "1.0.2"
        }
      }
    ]
  },
  "version": 1
}
